
Microsoft Visual Studio Solution File, Format Version 12.00
# Visual Studio 15
VisualStudioVersion = 15.0.28307.779
MinimumVisualStudioVersion = 10.0.40219.1
Project("{FAE04EC0-301F-11D3-BF4B-00C04F79EFBC}") = "LB8T2", "LB8T2\LB8T2.csproj", "{CC0D1823-DBD1-457B-B6DA-42D4F91CF855}"
EndProject
Global
	GlobalSection(SolutionConfigurationPlatforms) = preSolution
		Debug|Any CPU = Debug|Any CPU
		Release|Any CPU = Release|Any CPU
	EndGlobalSection
	GlobalSection(ProjectConfigurationPlatforms) = postSolution
		{CC0D1823-DBD1-457B-B6DA-42D4F91CF855}.Debug|Any CPU.ActiveCfg = Debug|Any CPU
		{CC0D1823-DBD1-457B-B6DA-42D4F91CF855}.Debug|Any CPU.Build.0 = Debug|Any CPU
		{CC0D1823-DBD1-457B-B6DA-42D4F91CF855}.Release|Any CPU.ActiveCfg = Release|Any CPU
		{CC0D1823-DBD1-457B-B6DA-42D4F91CF855}.Release|Any CPU.Build.0 = Release|Any CPU
	EndGlobalSection
	GlobalSection(SolutionProperties) = preSolution
		HideSolutionNode = FALSE
	EndGlobalSection
	GlobalSection(ExtensibilityGlobals) = postSolution
		SolutionGuid = {75BE8AE0-8045-4C27-97A8-29E77C46AEA6}
	EndGlobalSection
EndGlobal
