
Microsoft Visual Studio Solution File, Format Version 12.00
# Visual Studio 15
VisualStudioVersion = 15.0.28307.779
MinimumVisualStudioVersion = 10.0.40219.1
Project("{FAE04EC0-301F-11D3-BF4B-00C04F79EFBC}") = "DB!", "DB!\DB!.csproj", "{180F5AB1-8A6C-482A-90D0-90B53B7626C2}"
EndProject
Global
	GlobalSection(SolutionConfigurationPlatforms) = preSolution
		Debug|Any CPU = Debug|Any CPU
		Release|Any CPU = Release|Any CPU
	EndGlobalSection
	GlobalSection(ProjectConfigurationPlatforms) = postSolution
		{180F5AB1-8A6C-482A-90D0-90B53B7626C2}.Debug|Any CPU.ActiveCfg = Debug|Any CPU
		{180F5AB1-8A6C-482A-90D0-90B53B7626C2}.Debug|Any CPU.Build.0 = Debug|Any CPU
		{180F5AB1-8A6C-482A-90D0-90B53B7626C2}.Release|Any CPU.ActiveCfg = Release|Any CPU
		{180F5AB1-8A6C-482A-90D0-90B53B7626C2}.Release|Any CPU.Build.0 = Release|Any CPU
	EndGlobalSection
	GlobalSection(SolutionProperties) = preSolution
		HideSolutionNode = FALSE
	EndGlobalSection
	GlobalSection(ExtensibilityGlobals) = postSolution
		SolutionGuid = {31160B7A-8804-4D63-A9FC-835014FFE4BD}
	EndGlobalSection
EndGlobal
