
Microsoft Visual Studio Solution File, Format Version 12.00
# Visual Studio 15
VisualStudioVersion = 15.0.28307.779
MinimumVisualStudioVersion = 10.0.40219.1
Project("{FAE04EC0-301F-11D3-BF4B-00C04F79EFBC}") = "LB11.2", "LB11.2\LB11.2.csproj", "{98BB0DB6-C987-40E9-907C-9BE1744C647D}"
EndProject
Global
	GlobalSection(SolutionConfigurationPlatforms) = preSolution
		Debug|Any CPU = Debug|Any CPU
		Release|Any CPU = Release|Any CPU
	EndGlobalSection
	GlobalSection(ProjectConfigurationPlatforms) = postSolution
		{98BB0DB6-C987-40E9-907C-9BE1744C647D}.Debug|Any CPU.ActiveCfg = Debug|Any CPU
		{98BB0DB6-C987-40E9-907C-9BE1744C647D}.Debug|Any CPU.Build.0 = Debug|Any CPU
		{98BB0DB6-C987-40E9-907C-9BE1744C647D}.Release|Any CPU.ActiveCfg = Release|Any CPU
		{98BB0DB6-C987-40E9-907C-9BE1744C647D}.Release|Any CPU.Build.0 = Release|Any CPU
	EndGlobalSection
	GlobalSection(SolutionProperties) = preSolution
		HideSolutionNode = FALSE
	EndGlobalSection
	GlobalSection(ExtensibilityGlobals) = postSolution
		SolutionGuid = {46B29014-FB84-4284-9E23-92264D24A6E1}
	EndGlobalSection
EndGlobal
