
Microsoft Visual Studio Solution File, Format Version 12.00
# Visual Studio 15
VisualStudioVersion = 15.0.28307.779
MinimumVisualStudioVersion = 10.0.40219.1
Project("{FAE04EC0-301F-11D3-BF4B-00C04F79EFBC}") = "LB903", "LB903\LB903.csproj", "{53323DC9-2A6C-4B1B-BFE3-D47C1B4F4742}"
EndProject
Global
	GlobalSection(SolutionConfigurationPlatforms) = preSolution
		Debug|Any CPU = Debug|Any CPU
		Release|Any CPU = Release|Any CPU
	EndGlobalSection
	GlobalSection(ProjectConfigurationPlatforms) = postSolution
		{53323DC9-2A6C-4B1B-BFE3-D47C1B4F4742}.Debug|Any CPU.ActiveCfg = Debug|Any CPU
		{53323DC9-2A6C-4B1B-BFE3-D47C1B4F4742}.Debug|Any CPU.Build.0 = Debug|Any CPU
		{53323DC9-2A6C-4B1B-BFE3-D47C1B4F4742}.Release|Any CPU.ActiveCfg = Release|Any CPU
		{53323DC9-2A6C-4B1B-BFE3-D47C1B4F4742}.Release|Any CPU.Build.0 = Release|Any CPU
	EndGlobalSection
	GlobalSection(SolutionProperties) = preSolution
		HideSolutionNode = FALSE
	EndGlobalSection
	GlobalSection(ExtensibilityGlobals) = postSolution
		SolutionGuid = {387FD2D0-3B04-4D0F-BB8A-4B1D7E357C69}
	EndGlobalSection
EndGlobal
