
Microsoft Visual Studio Solution File, Format Version 12.00
# Visual Studio 15
VisualStudioVersion = 15.0.28307.779
MinimumVisualStudioVersion = 10.0.40219.1
Project("{FAE04EC0-301F-11D3-BF4B-00C04F79EFBC}") = "LB202", "LB202\LB202.csproj", "{54CC05CC-60ED-47AA-A434-089617956865}"
EndProject
Global
	GlobalSection(SolutionConfigurationPlatforms) = preSolution
		Debug|Any CPU = Debug|Any CPU
		Release|Any CPU = Release|Any CPU
	EndGlobalSection
	GlobalSection(ProjectConfigurationPlatforms) = postSolution
		{54CC05CC-60ED-47AA-A434-089617956865}.Debug|Any CPU.ActiveCfg = Debug|Any CPU
		{54CC05CC-60ED-47AA-A434-089617956865}.Debug|Any CPU.Build.0 = Debug|Any CPU
		{54CC05CC-60ED-47AA-A434-089617956865}.Release|Any CPU.ActiveCfg = Release|Any CPU
		{54CC05CC-60ED-47AA-A434-089617956865}.Release|Any CPU.Build.0 = Release|Any CPU
	EndGlobalSection
	GlobalSection(SolutionProperties) = preSolution
		HideSolutionNode = FALSE
	EndGlobalSection
	GlobalSection(ExtensibilityGlobals) = postSolution
		SolutionGuid = {4A1BDC23-1B32-4486-B5E8-F402E5DA01B6}
	EndGlobalSection
EndGlobal
